
Microsoft Visual Studio Solution File, Format Version 12.00
# Visual Studio 15
VisualStudioVersion = 15.0.28307.168
MinimumVisualStudioVersion = 10.0.40219.1
Project("{FAE04EC0-301F-11D3-BF4B-00C04F79EFBC}") = "ReservaHotel", "ReservaHotel\ReservaHotel.csproj", "{1A30E49D-4E21-47BC-B0AF-1DE2DBFAB160}"
EndProject
Global
	GlobalSection(SolutionConfigurationPlatforms) = preSolution
		Debug|Any CPU = Debug|Any CPU
		Release|Any CPU = Release|Any CPU
	EndGlobalSection
	GlobalSection(ProjectConfigurationPlatforms) = postSolution
		{1A30E49D-4E21-47BC-B0AF-1DE2DBFAB160}.Debug|Any CPU.ActiveCfg = Debug|Any CPU
		{1A30E49D-4E21-47BC-B0AF-1DE2DBFAB160}.Debug|Any CPU.Build.0 = Debug|Any CPU
		{1A30E49D-4E21-47BC-B0AF-1DE2DBFAB160}.Release|Any CPU.ActiveCfg = Release|Any CPU
		{1A30E49D-4E21-47BC-B0AF-1DE2DBFAB160}.Release|Any CPU.Build.0 = Release|Any CPU
	EndGlobalSection
	GlobalSection(SolutionProperties) = preSolution
		HideSolutionNode = FALSE
	EndGlobalSection
	GlobalSection(ExtensibilityGlobals) = postSolution
		SolutionGuid = {D82F5957-D32D-4400-907B-BDB0AC80B91E}
	EndGlobalSection
EndGlobal
